
Microsoft Visual Studio Solution File, Format Version 12.00
# Visual Studio Version 17
VisualStudioVersion = 17.11.35222.181
MinimumVisualStudioVersion = 10.0.40219.1
Project("{FAE04EC0-301F-11D3-BF4B-00C04F79EFBC}") = "TP Web", "TP Web\TP Web.csproj", "{88D21C14-E595-4068-A4FA-5DC7B861366F}"
EndProject
Project("{FAE04EC0-301F-11D3-BF4B-00C04F79EFBC}") = "Dominios", "Dominios\Dominios.csproj", "{FA41830A-3A92-4B00-B326-70F65B46F768}"
EndProject
Project("{FAE04EC0-301F-11D3-BF4B-00C04F79EFBC}") = "Negocios", "Negocios\Negocios.csproj", "{8F2893D7-6997-40A4-BDBF-0F9F9104D3CF}"
	ProjectSection(ProjectDependencies) = postProject
		{FA41830A-3A92-4B00-B326-70F65B46F768} = {FA41830A-3A92-4B00-B326-70F65B46F768}
	EndProjectSection
EndProject
Global
	GlobalSection(SolutionConfigurationPlatforms) = preSolution
		Debug|Any CPU = Debug|Any CPU
		Release|Any CPU = Release|Any CPU
	EndGlobalSection
	GlobalSection(ProjectConfigurationPlatforms) = postSolution
		{88D21C14-E595-4068-A4FA-5DC7B861366F}.Debug|Any CPU.ActiveCfg = Debug|Any CPU
		{88D21C14-E595-4068-A4FA-5DC7B861366F}.Debug|Any CPU.Build.0 = Debug|Any CPU
		{88D21C14-E595-4068-A4FA-5DC7B861366F}.Release|Any CPU.ActiveCfg = Release|Any CPU
		{88D21C14-E595-4068-A4FA-5DC7B861366F}.Release|Any CPU.Build.0 = Release|Any CPU
		{FA41830A-3A92-4B00-B326-70F65B46F768}.Debug|Any CPU.ActiveCfg = Debug|Any CPU
		{FA41830A-3A92-4B00-B326-70F65B46F768}.Debug|Any CPU.Build.0 = Debug|Any CPU
		{FA41830A-3A92-4B00-B326-70F65B46F768}.Release|Any CPU.ActiveCfg = Release|Any CPU
		{FA41830A-3A92-4B00-B326-70F65B46F768}.Release|Any CPU.Build.0 = Release|Any CPU
		{8F2893D7-6997-40A4-BDBF-0F9F9104D3CF}.Debug|Any CPU.ActiveCfg = Debug|Any CPU
		{8F2893D7-6997-40A4-BDBF-0F9F9104D3CF}.Debug|Any CPU.Build.0 = Debug|Any CPU
		{8F2893D7-6997-40A4-BDBF-0F9F9104D3CF}.Release|Any CPU.ActiveCfg = Release|Any CPU
		{8F2893D7-6997-40A4-BDBF-0F9F9104D3CF}.Release|Any CPU.Build.0 = Release|Any CPU
	EndGlobalSection
	GlobalSection(SolutionProperties) = preSolution
		HideSolutionNode = FALSE
	EndGlobalSection
	GlobalSection(ExtensibilityGlobals) = postSolution
		SolutionGuid = {4618A2A4-EB9E-44AC-8196-F40852D68C32}
	EndGlobalSection
EndGlobal
